
Microsoft Visual Studio Solution File, Format Version 12.00
# Visual Studio 15
VisualStudioVersion = 15.0.27130.2024
MinimumVisualStudioVersion = 10.0.40219.1
Project("{FAE04EC0-301F-11D3-BF4B-00C04F79EFBC}") = "AppProject", "AppProject\AppProject.csproj", "{42CD39E7-4A26-4D86-8253-CC1513222740}"
EndProject
Global
	GlobalSection(SolutionConfigurationPlatforms) = preSolution
		Debug|Any CPU = Debug|Any CPU
		Release|Any CPU = Release|Any CPU
	EndGlobalSection
	GlobalSection(ProjectConfigurationPlatforms) = postSolution
		{42CD39E7-4A26-4D86-8253-CC1513222740}.Debug|Any CPU.ActiveCfg = Debug|Any CPU
		{42CD39E7-4A26-4D86-8253-CC1513222740}.Debug|Any CPU.Build.0 = Debug|Any CPU
		{42CD39E7-4A26-4D86-8253-CC1513222740}.Release|Any CPU.ActiveCfg = Release|Any CPU
		{42CD39E7-4A26-4D86-8253-CC1513222740}.Release|Any CPU.Build.0 = Release|Any CPU
	EndGlobalSection
	GlobalSection(SolutionProperties) = preSolution
		HideSolutionNode = FALSE
	EndGlobalSection
	GlobalSection(ExtensibilityGlobals) = postSolution
		SolutionGuid = {941AFFE1-8F8E-4E66-88F9-0D04781793F7}
	EndGlobalSection
EndGlobal
